
Microsoft Visual Studio Solution File, Format Version 12.00
# Visual Studio 15
VisualStudioVersion = 15.0.26124.0
MinimumVisualStudioVersion = 15.0.26124.0
Project("{FAE04EC0-301F-11D3-BF4B-00C04F79EFBC}") = "xdelta.Cli", "xdelta.Cli\xdelta.Cli.csproj", "{36C02423-C499-4E04-8CFC-193B21FA8D9E}"
EndProject
Project("{FAE04EC0-301F-11D3-BF4B-00C04F79EFBC}") = "xdelta.UnitTests", "xdelta.UnitTests\xdelta.UnitTests.csproj", "{52BEEBBF-B2AF-4775-B117-10EF17E3DF5E}"
EndProject
Project("{FAE04EC0-301F-11D3-BF4B-00C04F79EFBC}") = "xdelta", "xdelta\xdelta.csproj", "{DFCFA026-80F1-4D73-BFBE-368F66327FD1}"
EndProject
Global
	GlobalSection(SolutionConfigurationPlatforms) = preSolution
		Debug|Any CPU = Debug|Any CPU
		Debug|x64 = Debug|x64
		Debug|x86 = Debug|x86
		Release|Any CPU = Release|Any CPU
		Release|x64 = Release|x64
		Release|x86 = Release|x86
	EndGlobalSection
	GlobalSection(SolutionProperties) = preSolution
		HideSolutionNode = FALSE
	EndGlobalSection
	GlobalSection(ProjectConfigurationPlatforms) = postSolution
		{36C02423-C499-4E04-8CFC-193B21FA8D9E}.Debug|Any CPU.ActiveCfg = Debug|Any CPU
		{36C02423-C499-4E04-8CFC-193B21FA8D9E}.Debug|Any CPU.Build.0 = Debug|Any CPU
		{36C02423-C499-4E04-8CFC-193B21FA8D9E}.Debug|x64.ActiveCfg = Debug|Any CPU
		{36C02423-C499-4E04-8CFC-193B21FA8D9E}.Debug|x64.Build.0 = Debug|Any CPU
		{36C02423-C499-4E04-8CFC-193B21FA8D9E}.Debug|x86.ActiveCfg = Debug|Any CPU
		{36C02423-C499-4E04-8CFC-193B21FA8D9E}.Debug|x86.Build.0 = Debug|Any CPU
		{36C02423-C499-4E04-8CFC-193B21FA8D9E}.Release|Any CPU.ActiveCfg = Release|Any CPU
		{36C02423-C499-4E04-8CFC-193B21FA8D9E}.Release|Any CPU.Build.0 = Release|Any CPU
		{36C02423-C499-4E04-8CFC-193B21FA8D9E}.Release|x64.ActiveCfg = Release|Any CPU
		{36C02423-C499-4E04-8CFC-193B21FA8D9E}.Release|x64.Build.0 = Release|Any CPU
		{36C02423-C499-4E04-8CFC-193B21FA8D9E}.Release|x86.ActiveCfg = Release|Any CPU
		{36C02423-C499-4E04-8CFC-193B21FA8D9E}.Release|x86.Build.0 = Release|Any CPU
		{52BEEBBF-B2AF-4775-B117-10EF17E3DF5E}.Debug|Any CPU.ActiveCfg = Debug|Any CPU
		{52BEEBBF-B2AF-4775-B117-10EF17E3DF5E}.Debug|Any CPU.Build.0 = Debug|Any CPU
		{52BEEBBF-B2AF-4775-B117-10EF17E3DF5E}.Debug|x64.ActiveCfg = Debug|Any CPU
		{52BEEBBF-B2AF-4775-B117-10EF17E3DF5E}.Debug|x64.Build.0 = Debug|Any CPU
		{52BEEBBF-B2AF-4775-B117-10EF17E3DF5E}.Debug|x86.ActiveCfg = Debug|Any CPU
		{52BEEBBF-B2AF-4775-B117-10EF17E3DF5E}.Debug|x86.Build.0 = Debug|Any CPU
		{52BEEBBF-B2AF-4775-B117-10EF17E3DF5E}.Release|Any CPU.ActiveCfg = Release|Any CPU
		{52BEEBBF-B2AF-4775-B117-10EF17E3DF5E}.Release|Any CPU.Build.0 = Release|Any CPU
		{52BEEBBF-B2AF-4775-B117-10EF17E3DF5E}.Release|x64.ActiveCfg = Release|Any CPU
		{52BEEBBF-B2AF-4775-B117-10EF17E3DF5E}.Release|x64.Build.0 = Release|Any CPU
		{52BEEBBF-B2AF-4775-B117-10EF17E3DF5E}.Release|x86.ActiveCfg = Release|Any CPU
		{52BEEBBF-B2AF-4775-B117-10EF17E3DF5E}.Release|x86.Build.0 = Release|Any CPU
		{DFCFA026-80F1-4D73-BFBE-368F66327FD1}.Debug|Any CPU.ActiveCfg = Debug|Any CPU
		{DFCFA026-80F1-4D73-BFBE-368F66327FD1}.Debug|Any CPU.Build.0 = Debug|Any CPU
		{DFCFA026-80F1-4D73-BFBE-368F66327FD1}.Debug|x64.ActiveCfg = Debug|Any CPU
		{DFCFA026-80F1-4D73-BFBE-368F66327FD1}.Debug|x64.Build.0 = Debug|Any CPU
		{DFCFA026-80F1-4D73-BFBE-368F66327FD1}.Debug|x86.ActiveCfg = Debug|Any CPU
		{DFCFA026-80F1-4D73-BFBE-368F66327FD1}.Debug|x86.Build.0 = Debug|Any CPU
		{DFCFA026-80F1-4D73-BFBE-368F66327FD1}.Release|Any CPU.ActiveCfg = Release|Any CPU
		{DFCFA026-80F1-4D73-BFBE-368F66327FD1}.Release|Any CPU.Build.0 = Release|Any CPU
		{DFCFA026-80F1-4D73-BFBE-368F66327FD1}.Release|x64.ActiveCfg = Release|Any CPU
		{DFCFA026-80F1-4D73-BFBE-368F66327FD1}.Release|x64.Build.0 = Release|Any CPU
		{DFCFA026-80F1-4D73-BFBE-368F66327FD1}.Release|x86.ActiveCfg = Release|Any CPU
		{DFCFA026-80F1-4D73-BFBE-368F66327FD1}.Release|x86.Build.0 = Release|Any CPU
	EndGlobalSection
EndGlobal
